
Microsoft Visual Studio Solution File, Format Version 12.00
# Visual Studio Version 17
VisualStudioVersion = 17.1.32210.238
MinimumVisualStudioVersion = 10.0.40219.1
Project("{FAE04EC0-301F-11D3-BF4B-00C04F79EFBC}") = "Restaurant.API", "Restaurant.API\Restaurant.API.csproj", "{4D656452-37EA-4951-BCF0-C5B8FA9E9910}"
EndProject
Project("{FAE04EC0-301F-11D3-BF4B-00C04F79EFBC}") = "Restaurant.API.UnitTest", "Restaurant.API.UnitTest\Restaurant.API.UnitTest.csproj", "{A5C3CD33-B30C-4A96-B6D1-FBA6C7C0D1B0}"
EndProject
Global
	GlobalSection(SolutionConfigurationPlatforms) = preSolution
		Debug|Any CPU = Debug|Any CPU
		Release|Any CPU = Release|Any CPU
	EndGlobalSection
	GlobalSection(ProjectConfigurationPlatforms) = postSolution
		{4D656452-37EA-4951-BCF0-C5B8FA9E9910}.Debug|Any CPU.ActiveCfg = Debug|Any CPU
		{4D656452-37EA-4951-BCF0-C5B8FA9E9910}.Debug|Any CPU.Build.0 = Debug|Any CPU
		{4D656452-37EA-4951-BCF0-C5B8FA9E9910}.Release|Any CPU.ActiveCfg = Release|Any CPU
		{4D656452-37EA-4951-BCF0-C5B8FA9E9910}.Release|Any CPU.Build.0 = Release|Any CPU
		{A5C3CD33-B30C-4A96-B6D1-FBA6C7C0D1B0}.Debug|Any CPU.ActiveCfg = Debug|Any CPU
		{A5C3CD33-B30C-4A96-B6D1-FBA6C7C0D1B0}.Debug|Any CPU.Build.0 = Debug|Any CPU
		{A5C3CD33-B30C-4A96-B6D1-FBA6C7C0D1B0}.Release|Any CPU.ActiveCfg = Release|Any CPU
		{A5C3CD33-B30C-4A96-B6D1-FBA6C7C0D1B0}.Release|Any CPU.Build.0 = Release|Any CPU
	EndGlobalSection
	GlobalSection(SolutionProperties) = preSolution
		HideSolutionNode = FALSE
	EndGlobalSection
	GlobalSection(ExtensibilityGlobals) = postSolution
		SolutionGuid = {49E587C7-0DB4-4E8F-B901-9F4475AA8255}
	EndGlobalSection
EndGlobal
